filippo.io/edwards25519 v1.2.0 h1:crnVqOiS4jqYleHd9vaKZ+HKtHfllngJIiOpNpoJsjo=
filippo.io/edwards25519 v1.2.0/go.mod h1:xzAOLCNug/yB62zG1bQ8uziwrIqIuxhctzJT18Q77mc=
github.com/go-sql-driver/mysql v1.10.0 h1:Q+1LV8DkHJvSYAdR83XzuhDaTykuDx0l6fkXxoWCWfw=
github.com/go-sql-driver/mysql v1.10.0/go.mod h1:M+cqaI7+xxXGG9swrdeUIoPG3Y3KCkF0pZej+SK+nWk=
github.com/lib/pq v1.12.3 h1:tTWxr2YLKwIvK90ZXEw8GP7UFHtcbTtty8zsI+YjrfQ=
github.com/lib/pq v1.12.3/go.mod h1:/p+8NSbOcwzAEI7wiMXFlgydTwcgTr3OSKMsD2BitpA=
github.com/mattn/go-sqlite3 v1.14.50 h1:dmdFvo1XG4MPzA4IkAmE9upVz/Nj31uRoM5+jC8hYbY=
github.com/mattn/go-sqlite3 v1.14.50/go.mod h1:6JTjA44L93a0QCyJef5YvlPoKXntQPjzWv5gtm9sB6w=
zgo.at/zdb-drivers/go-sqlite3 v0.0.0-20260826150446-9fb00bfd13f6 h1:vGBO00ti5ks5ziZZgw7w0XossZrDm4G4rPFU4n1Hk2g=
zgo.at/zdb-drivers/go-sqlite3 v0.0.0-20260826150446-9fb00bfd13f6/go.mod h1:r80SF8A3s737ykAv6+NKtmq3s2zN6TVtxpWkoQYviYo=
zgo.at/zdb-drivers/mariadb v0.0.0-20260820212400-f9b1e8796b42 h1:JVZPZKl+RhO4JIM5kip4OE1KEFvIQImE68T4mIKgQ6w=
zgo.at/zdb-drivers/mariadb v0.0.0-20260820212400-f9b1e8796b42/go.mod h1:vyqdGfguzzcYuSV3VxBCyeINHe+L4AvgybRts8pZKgg=
zgo.at/zdb-drivers/pq v0.0.0-20260820212400-f9b1e8796b42 h1:ijWVOqoEgNfpeALEt2d1NsBhmqvYqnunI0OgQfdtMj4=
zgo.at/zdb-drivers/pq v0.0.0-20260820212400-f9b1e8796b42/go.mod h1:va4h/+SLxcrShwdrUsxJtz9U1aF+ps6Vz0a3rVY7nr8=
zgo.at/zstd v0.0.0-20260825170826-0bd1746f8b87 h1:fdFvijv2yv7hlFhtUU23zGcbMaizXLlI9E24NzM6dk0=
zgo.at/zstd v0.0.0-20260825170826-0bd1746f8b87/go.mod h1:uly4ZYPz8zHIf1TteWbU34OxxV0CYunOaxVuhChtciQ=
