github.com/go-sql-driver/mysql v1.5.0 h1:ozyZYNQW3x3HtqT1jira07DN2PArx2v7/mN66gGcHOs=
github.com/go-sql-driver/mysql v1.5.0/go.mod h1:DCzpHaOWr8IXmIStZouvnhqoel9Qv2LBy8hT2VhHyBg=
github.com/lib/pq v1.2.0/go.mod h1:5WUZQaWbwv1U+lTReE5YruASi9Al49XbQIvNi/34Woo=
github.com/lib/pq v1.9.0 h1:L8nSXQQzAYByakOFMTwpjRoHsMJklur4Gi59b6VivR8=
github.com/lib/pq v1.9.0/go.mod h1:AlVN5x4E4T544tWzH6hKfbfQvm3HdbOxrmggDNAPY9o=
github.com/mattn/go-sqlite3 v1.9.0/go.mod h1:FPy6KqzDD04eiIsT53CuJW3U88zkxoIYsOqkbpncsNc=
github.com/mattn/go-sqlite3 v1.14.6 h1:dNPt6NO46WmLVt2DLNpwczCmdV5boIZ6g/tlDrlRUbg=
github.com/mattn/go-sqlite3 v1.14.6/go.mod h1:NyWgC/yNuGj7Q9rpYnZvas74GogHl5/Z4A/KQRfk6bU=
github.com/zgoat/sqlx v1.2.1-0.20201228123424-c5cc0d957b92 h1:jN4AyjhTcM0SA7dPuAQ9NPGFXeiJ1jEQJUPMP6WLBTI=
github.com/zgoat/sqlx v1.2.1-0.20201228123424-c5cc0d957b92/go.mod h1:ClpsPFzLpSBl7MvJ+BhV0JHz4vmKRBarpvZ9644v9Oo=
zgo.at/zlog v0.0.0-20200404052423-adffcc8acd57 h1:sIuh9IpccNlzMsmAvF7EPT87/Ab2XdUJHizsMxbQgM4=
zgo.at/zlog v0.0.0-20200404052423-adffcc8acd57/go.mod h1:YkLAQZjLsp1RqWHn8SJokHzXyYU+6FZjM4GNY64IKME=
zgo.at/zstd v0.0.0-20201227165557-c822e638e28c h1:+ez1p/Tzy4RntMK7q855+/sEpczcQqPWqztMjZYVYLc=
zgo.at/zstd v0.0.0-20201227165557-c822e638e28c/go.mod h1:bQqcOgaRPCBT7lZ52Ksg9GF1xwi0L97E3AyvW3oGJYE=
